
Microsoft Visual Studio Solution File, Format Version 12.00
# Visual Studio Version 17
VisualStudioVersion = 17.0.31919.166
MinimumVisualStudioVersion = 10.0.40219.1
Project("{FAE04EC0-301F-11D3-BF4B-00C04F79EFBC}") = "LoggerExample.API", "LoggerExample.API\LoggerExample.API.csproj", "{E706184F-5976-4E81-BBAC-A913B30F2FDF}"
EndProject
Global
	GlobalSection(SolutionConfigurationPlatforms) = preSolution
		Debug|Any CPU = Debug|Any CPU
		Release|Any CPU = Release|Any CPU
	EndGlobalSection
	GlobalSection(ProjectConfigurationPlatforms) = postSolution
		{E706184F-5976-4E81-BBAC-A913B30F2FDF}.Debug|Any CPU.ActiveCfg = Debug|Any CPU
		{E706184F-5976-4E81-BBAC-A913B30F2FDF}.Debug|Any CPU.Build.0 = Debug|Any CPU
		{E706184F-5976-4E81-BBAC-A913B30F2FDF}.Release|Any CPU.ActiveCfg = Release|Any CPU
		{E706184F-5976-4E81-BBAC-A913B30F2FDF}.Release|Any CPU.Build.0 = Release|Any CPU
	EndGlobalSection
	GlobalSection(SolutionProperties) = preSolution
		HideSolutionNode = FALSE
	EndGlobalSection
	GlobalSection(ExtensibilityGlobals) = postSolution
		SolutionGuid = {C7FB34CC-1E76-4D8D-A0A5-27AC5308A759}
	EndGlobalSection
EndGlobal
